
Microsoft Visual Studio Solution File, Format Version 12.00
# Visual Studio 2012
Project("{FAE04EC0-301F-11D3-BF4B-00C04F79EFBC}") = "Joe.Init", "Joe.Init.csproj", "{092BF87E-0B1E-43BF-ADB2-9AB2F96D584D}"
EndProject
Global
	GlobalSection(SolutionConfigurationPlatforms) = preSolution
		Debug|Any CPU = Debug|Any CPU
		Release|Any CPU = Release|Any CPU
	EndGlobalSection
	GlobalSection(ProjectConfigurationPlatforms) = postSolution
		{092BF87E-0B1E-43BF-ADB2-9AB2F96D584D}.Debug|Any CPU.ActiveCfg = Debug|Any CPU
		{092BF87E-0B1E-43BF-ADB2-9AB2F96D584D}.Debug|Any CPU.Build.0 = Debug|Any CPU
		{092BF87E-0B1E-43BF-ADB2-9AB2F96D584D}.Release|Any CPU.ActiveCfg = Release|Any CPU
		{092BF87E-0B1E-43BF-ADB2-9AB2F96D584D}.Release|Any CPU.Build.0 = Release|Any CPU
	EndGlobalSection
	GlobalSection(SolutionProperties) = preSolution
		HideSolutionNode = FALSE
	EndGlobalSection
EndGlobal
